
Microsoft Visual Studio Solution File, Format Version 12.00
# Visual Studio 15
VisualStudioVersion = 15.0.28010.2026
MinimumVisualStudioVersion = 10.0.40219.1
Project("{FAE04EC0-301F-11D3-BF4B-00C04F79EFBC}") = "СиТ", "СиТ\СиТ.csproj", "{716ABA02-3BA3-4D7C-93D0-FF8B7E8EFF49}"
EndProject
Global
	GlobalSection(SolutionConfigurationPlatforms) = preSolution
		Debug|Any CPU = Debug|Any CPU
		Release|Any CPU = Release|Any CPU
	EndGlobalSection
	GlobalSection(ProjectConfigurationPlatforms) = postSolution
		{716ABA02-3BA3-4D7C-93D0-FF8B7E8EFF49}.Debug|Any CPU.ActiveCfg = Debug|Any CPU
		{716ABA02-3BA3-4D7C-93D0-FF8B7E8EFF49}.Debug|Any CPU.Build.0 = Debug|Any CPU
		{716ABA02-3BA3-4D7C-93D0-FF8B7E8EFF49}.Release|Any CPU.ActiveCfg = Release|Any CPU
		{716ABA02-3BA3-4D7C-93D0-FF8B7E8EFF49}.Release|Any CPU.Build.0 = Release|Any CPU
	EndGlobalSection
	GlobalSection(SolutionProperties) = preSolution
		HideSolutionNode = FALSE
	EndGlobalSection
	GlobalSection(ExtensibilityGlobals) = postSolution
		SolutionGuid = {D86F251B-6BB5-429C-9B4D-899C03B0D5E8}
	EndGlobalSection
EndGlobal
